
Microsoft Visual Studio Solution File, Format Version 12.00
# Visual Studio Version 16
VisualStudioVersion = 16.0.31410.357
MinimumVisualStudioVersion = 10.0.40219.1
Project("{9092AA53-FB77-4645-B42D-1CCCA6BD08BD}") = "JS_Project1", "JS_Project1\JS_Project1.njsproj", "{A0B90BCD-768A-4B4E-B496-0CF73AEA7FB7}"
EndProject
Global
	GlobalSection(SolutionConfigurationPlatforms) = preSolution
		Debug|Any CPU = Debug|Any CPU
		Release|Any CPU = Release|Any CPU
	EndGlobalSection
	GlobalSection(ProjectConfigurationPlatforms) = postSolution
		{A0B90BCD-768A-4B4E-B496-0CF73AEA7FB7}.Debug|Any CPU.ActiveCfg = Debug|Any CPU
		{A0B90BCD-768A-4B4E-B496-0CF73AEA7FB7}.Debug|Any CPU.Build.0 = Debug|Any CPU
		{A0B90BCD-768A-4B4E-B496-0CF73AEA7FB7}.Release|Any CPU.ActiveCfg = Release|Any CPU
		{A0B90BCD-768A-4B4E-B496-0CF73AEA7FB7}.Release|Any CPU.Build.0 = Release|Any CPU
	EndGlobalSection
	GlobalSection(SolutionProperties) = preSolution
		HideSolutionNode = FALSE
	EndGlobalSection
	GlobalSection(ExtensibilityGlobals) = postSolution
		SolutionGuid = {125B9347-DB94-4094-B64C-91AB1E7A6B9F}
	EndGlobalSection
EndGlobal
